
Microsoft Visual Studio Solution File, Format Version 12.00
# Visual Studio Version 17
VisualStudioVersion = 17.5.33627.172
MinimumVisualStudioVersion = 10.0.40219.1
Project("{FAE04EC0-301F-11D3-BF4B-00C04F79EFBC}") = "EFCore", "EFCore.csproj", "{43D4D3F7-9759-4B76-B863-B16FA36E142E}"
EndProject
Global
	GlobalSection(SolutionConfigurationPlatforms) = preSolution
		Debug|Any CPU = Debug|Any CPU
		Release|Any CPU = Release|Any CPU
	EndGlobalSection
	GlobalSection(ProjectConfigurationPlatforms) = postSolution
		{43D4D3F7-9759-4B76-B863-B16FA36E142E}.Debug|Any CPU.ActiveCfg = Debug|Any CPU
		{43D4D3F7-9759-4B76-B863-B16FA36E142E}.Debug|Any CPU.Build.0 = Debug|Any CPU
		{43D4D3F7-9759-4B76-B863-B16FA36E142E}.Release|Any CPU.ActiveCfg = Release|Any CPU
		{43D4D3F7-9759-4B76-B863-B16FA36E142E}.Release|Any CPU.Build.0 = Release|Any CPU
	EndGlobalSection
	GlobalSection(SolutionProperties) = preSolution
		HideSolutionNode = FALSE
	EndGlobalSection
	GlobalSection(ExtensibilityGlobals) = postSolution
		SolutionGuid = {713B3B1D-B964-4958-AEB3-E6C996A55A12}
	EndGlobalSection
EndGlobal
